// !$*UTF8*$!
{
	archiveVersion = 1;
	classes = {
	};
	objectVersion = 56;
	objects = {

/* Begin PBXBuildFile section */
		5F0345972A5E3EAC0013C223 /* _0230711_WalterSmith_NYCSchoolsApp.swift in Sources */ = {isa = PBXBuildFile; fileRef = 5F0345962A5E3EAC0013C223 /* _0230711_WalterSmith_NYCSchoolsApp.swift */; };
		5F0345992A5E3EAC0013C223 /* NYCSchoolsContentView.swift in Sources */ = {isa = PBXBuildFile; fileRef = 5F0345982A5E3EAC0013C223 /* NYCSchoolsContentView.swift */; };
		5F03459B2A5E3EAC0013C223 /* Assets.xcassets in Resources */ = {isa = PBXBuildFile; fileRef = 5F03459A2A5E3EAC0013C223 /* Assets.xcassets */; };
		5F03459E2A5E3EAC0013C223 /* Preview Assets.xcassets in Resources */ = {isa = PBXBuildFile; fileRef = 5F03459D2A5E3EAC0013C223 /* Preview Assets.xcassets */; };
		5F0345A82A5E3EAD0013C223 /* _0230711_WalterSmith_NYCSchoolsTests.swift in Sources */ = {isa = PBXBuildFile; fileRef = 5F0345A72A5E3EAD0013C223 /* _0230711_WalterSmith_NYCSchoolsTests.swift */; };
		5F0345B22A5E3EAD0013C223 /* _0230711_WalterSmith_NYCSchoolsUITests.swift in Sources */ = {isa = PBXBuildFile; fileRef = 5F0345B12A5E3EAD0013C223 /* _0230711_WalterSmith_NYCSchoolsUITests.swift */; };
		5F0345B42A5E3EAD0013C223 /* _0230711_WalterSmith_NYCSchoolsUITestsLaunchTests.swift in Sources */ = {isa = PBXBuildFile; fileRef = 5F0345B32A5E3EAD0013C223 /* _0230711_WalterSmith_NYCSchoolsUITestsLaunchTests.swift */; };
		5F0345C12A5E552D0013C223 /* NYCSchoolsContentViewDelegate.swift in Sources */ = {isa = PBXBuildFile; fileRef = 5F0345C02A5E552D0013C223 /* NYCSchoolsContentViewDelegate.swift */; };
		5F0345C32A5E566D0013C223 /* School.swift in Sources */ = {isa = PBXBuildFile; fileRef = 5F0345C22A5E566D0013C223 /* School.swift */; };
		5F0345C52A5E5E240013C223 /* NYCSchoolsService.swift in Sources */ = {isa = PBXBuildFile; fileRef = 5F0345C42A5E5E240013C223 /* NYCSchoolsService.swift */; };
		5F0345C72A5E69CE0013C223 /* NYCSchoolsSchoolDetailService.swift in Sources */ = {isa = PBXBuildFile; fileRef = 5F0345C62A5E69CE0013C223 /* NYCSchoolsSchoolDetailService.swift */; };
		5F0345C92A5E6B6E0013C223 /* SchoolDetails.swift in Sources */ = {isa = PBXBuildFile; fileRef = 5F0345C82A5E6B6E0013C223 /* SchoolDetails.swift */; };
/* End PBXBuildFile section */

/* Begin PBXContainerItemProxy section */
		5F0345A42A5E3EAD0013C223 /* PBXContainerItemProxy */ = {
			isa = PBXContainerItemProxy;
			containerPortal = 5F03458B2A5E3EAB0013C223 /* Project object */;
			proxyType = 1;
			remoteGlobalIDString = 5F0345922A5E3EAC0013C223;
			remoteInfo = "20230711-WalterSmith-NYCSchools";
		};
		5F0345AE2A5E3EAD0013C223 /* PBXContainerItemProxy */ = {
			isa = PBXContainerItemProxy;
			containerPortal = 5F03458B2A5E3EAB0013C223 /* Project object */;
			proxyType = 1;
			remoteGlobalIDString = 5F0345922A5E3EAC0013C223;
			remoteInfo = "20230711-WalterSmith-NYCSchools";
		};
/* End PBXContainerItemProxy section */

/* Begin PBXFileReference section */
		5F0345932A5E3EAC0013C223 /* 20230711-WalterSmith-NYCSchools.app */ = {isa = PBXFileReference; explicitFileType = wrapper.application; includeInIndex = 0; path = "20230711-WalterSmith-NYCSchools.app"; sourceTree = BUILT_PRODUCTS_DIR; };
		5F0345962A5E3EAC0013C223 /* _0230711_WalterSmith_NYCSchoolsApp.swift */ = {isa = PBXFileReference; lastKnownFileType = sourcecode.swift; path = _0230711_WalterSmith_NYCSchoolsApp.swift; sourceTree = "<group>"; };
		5F0345982A5E3EAC0013C223 /* NYCSchoolsContentView.swift */ = {isa = PBXFileReference; lastKnownFileType = sourcecode.swift; path = NYCSchoolsContentView.swift; sourceTree = "<group>"; };
		5F03459A2A5E3EAC0013C223 /* Assets.xcassets */ = {isa = PBXFileReference; lastKnownFileType = folder.assetcatalog; path = Assets.xcassets; sourceTree = "<group>"; };
		5F03459D2A5E3EAC0013C223 /* Preview Assets.xcassets */ = {isa = PBXFileReference; lastKnownFileType = folder.assetcatalog; path = "Preview Assets.xcassets"; sourceTree = "<group>"; };
		5F0345A32A5E3EAD0013C223 /* 20230711-WalterSmith-NYCSchoolsTests.xctest */ = {isa = PBXFileReference; explicitFileType = wrapper.cfbundle; includeInIndex = 0; path = "20230711-WalterSmith-NYCSchoolsTests.xctest"; sourceTree = BUILT_PRODUCTS_DIR; };
		5F0345A72A5E3EAD0013C223 /* _0230711_WalterSmith_NYCSchoolsTests.swift */ = {isa = PBXFileReference; lastKnownFileType = sourcecode.swift; path = _0230711_WalterSmith_NYCSchoolsTests.swift; sourceTree = "<group>"; };
		5F0345AD2A5E3EAD0013C223 /* 20230711-WalterSmith-NYCSchoolsUITests.xctest */ = {isa = PBXFileReference; explicitFileType = wrapper.cfbundle; includeInIndex = 0; path = "20230711-WalterSmith-NYCSchoolsUITests.xctest"; sourceTree = BUILT_PRODUCTS_DIR; };
		5F0345B12A5E3EAD0013C223 /* _0230711_WalterSmith_NYCSchoolsUITests.swift */ = {isa = PBXFileReference; lastKnownFileType = sourcecode.swift; path = _0230711_WalterSmith_NYCSchoolsUITests.swift; sourceTree = "<group>"; };
		5F0345B32A5E3EAD0013C223 /* _0230711_WalterSmith_NYCSchoolsUITestsLaunchTests.swift */ = {isa = PBXFileReference; lastKnownFileType = sourcecode.swift; path = _0230711_WalterSmith_NYCSchoolsUITestsLaunchTests.swift; sourceTree = "<group>"; };
		5F0345C02A5E552D0013C223 /* NYCSchoolsContentViewDelegate.swift */ = {isa = PBXFileReference; lastKnownFileType = sourcecode.swift; path = NYCSchoolsContentViewDelegate.swift; sourceTree = "<group>"; };
		5F0345C22A5E566D0013C223 /* School.swift */ = {isa = PBXFileReference; lastKnownFileType = sourcecode.swift; path = School.swift; sourceTree = "<group>"; };
		5F0345C42A5E5E240013C223 /* NYCSchoolsService.swift */ = {isa = PBXFileReference; lastKnownFileType = sourcecode.swift; path = NYCSchoolsService.swift; sourceTree = "<group>"; };
		5F0345C62A5E69CE0013C223 /* NYCSchoolsSchoolDetailService.swift */ = {isa = PBXFileReference; lastKnownFileType = sourcecode.swift; path = NYCSchoolsSchoolDetailService.swift; sourceTree = "<group>"; };
		5F0345C82A5E6B6E0013C223 /* SchoolDetails.swift */ = {isa = PBXFileReference; lastKnownFileType = sourcecode.swift; path = SchoolDetails.swift; sourceTree = "<group>"; };
/* End PBXFileReference section */

/* Begin PBXFrameworksBuildPhase section */
		5F0345902A5E3EAC0013C223 /* Frameworks */ = {
			isa = PBXFrameworksBuildPhase;
			buildActionMask = 2147483647;
			files = (
			);
			runOnlyForDeploymentPostprocessing = 0;
		};
		5F0345A02A5E3EAD0013C223 /* Frameworks */ = {
			isa = PBXFrameworksBuildPhase;
			buildActionMask = 2147483647;
			files = (
			);
			runOnlyForDeploymentPostprocessing = 0;
		};
		5F0345AA2A5E3EAD0013C223 /* Frameworks */ = {
			isa = PBXFrameworksBuildPhase;
			buildActionMask = 2147483647;
			files = (
			);
			runOnlyForDeploymentPostprocessing = 0;
		};
/* End PBXFrameworksBuildPhase section */

/* Begin PBXGroup section */
		5F03458A2A5E3EAB0013C223 = {
			isa = PBXGroup;
			children = (
				5F0345952A5E3EAC0013C223 /* 20230711-WalterSmith-NYCSchools */,
				5F0345A62A5E3EAD0013C223 /* 20230711-WalterSmith-NYCSchoolsTests */,
				5F0345B02A5E3EAD0013C223 /* 20230711-WalterSmith-NYCSchoolsUITests */,
				5F0345942A5E3EAC0013C223 /* Products */,
			);
			sourceTree = "<group>";
		};
		5F0345942A5E3EAC0013C223 /* Products */ = {
			isa = PBXGroup;
			children = (
				5F0345932A5E3EAC0013C223 /* 20230711-WalterSmith-NYCSchools.app */,
				5F0345A32A5E3EAD0013C223 /* 20230711-WalterSmith-NYCSchoolsTests.xctest */,
				5F0345AD2A5E3EAD0013C223 /* 20230711-WalterSmith-NYCSchoolsUITests.xctest */,
			);
			name = Products;
			sourceTree = "<group>";
		};
		5F0345952A5E3EAC0013C223 /* 20230711-WalterSmith-NYCSchools */ = {
			isa = PBXGroup;
			children = (
				5F0345962A5E3EAC0013C223 /* _0230711_WalterSmith_NYCSchoolsApp.swift */,
				5F0345982A5E3EAC0013C223 /* NYCSchoolsContentView.swift */,
				5F0345C02A5E552D0013C223 /* NYCSchoolsContentViewDelegate.swift */,
				5F0345C22A5E566D0013C223 /* School.swift */,
				5F0345C82A5E6B6E0013C223 /* SchoolDetails.swift */,
				5F03459A2A5E3EAC0013C223 /* Assets.xcassets */,
				5F03459C2A5E3EAC0013C223 /* Preview Content */,
				5F0345C42A5E5E240013C223 /* NYCSchoolsService.swift */,
				5F0345C62A5E69CE0013C223 /* NYCSchoolsSchoolDetailService.swift */,
			);
			path = "20230711-WalterSmith-NYCSchools";
			sourceTree = "<group>";
		};
		5F03459C2A5E3EAC0013C223 /* Preview Content */ = {
			isa = PBXGroup;
			children = (
				5F03459D2A5E3EAC0013C223 /* Preview Assets.xcassets */,
			);
			path = "Preview Content";
			sourceTree = "<group>";
		};
		5F0345A62A5E3EAD0013C223 /* 20230711-WalterSmith-NYCSchoolsTests */ = {
			isa = PBXGroup;
			children = (
				5F0345A72A5E3EAD0013C223 /* _0230711_WalterSmith_NYCSchoolsTests.swift */,
			);
			path = "20230711-WalterSmith-NYCSchoolsTests";
			sourceTree = "<group>";
		};
		5F0345B02A5E3EAD0013C223 /* 20230711-WalterSmith-NYCSchoolsUITests */ = {
			isa = PBXGroup;
			children = (
				5F0345B12A5E3EAD0013C223 /* _0230711_WalterSmith_NYCSchoolsUITests.swift */,
				5F0345B32A5E3EAD0013C223 /* _0230711_WalterSmith_NYCSchoolsUITestsLaunchTests.swift */,
			);
			path = "20230711-WalterSmith-NYCSchoolsUITests";
			sourceTree = "<group>";
		};
/* End PBXGroup section */

/* Begin PBXNativeTarget section */
		5F0345922A5E3EAC0013C223 /* 20230711-WalterSmith-NYCSchools */ = {
			isa = PBXNativeTarget;
			buildConfigurationList = 5F0345B72A5E3EAD0013C223 /* Build configuration list for PBXNativeTarget "20230711-WalterSmith-NYCSchools" */;
			buildPhases = (
				5F03458F2A5E3EAC0013C223 /* Sources */,
				5F0345902A5E3EAC0013C223 /* Frameworks */,
				5F0345912A5E3EAC0013C223 /* Resources */,
			);
			buildRules = (
			);
			dependencies = (
			);
			name = "20230711-WalterSmith-NYCSchools";
			productName = "20230711-WalterSmith-NYCSchools";
			productReference = 5F0345932A5E3EAC0013C223 /* 20230711-WalterSmith-NYCSchools.app */;
			productType = "com.apple.product-type.application";
		};
		5F0345A22A5E3EAD0013C223 /* 20230711-WalterSmith-NYCSchoolsTests */ = {
			isa = PBXNativeTarget;
			buildConfigurationList = 5F0345BA2A5E3EAD0013C223 /* Build configuration list for PBXNativeTarget "20230711-WalterSmith-NYCSchoolsTests" */;
			buildPhases = (
				5F03459F2A5E3EAD0013C223 /* Sources */,
				5F0345A02A5E3EAD0013C223 /* Frameworks */,
				5F0345A12A5E3EAD0013C223 /* Resources */,
			);
			buildRules = (
			);
			dependencies = (
				5F0345A52A5E3EAD0013C223 /* PBXTargetDependency */,
			);
			name = "20230711-WalterSmith-NYCSchoolsTests";
			productName = "20230711-WalterSmith-NYCSchoolsTests";
			productReference = 5F0345A32A5E3EAD0013C223 /* 20230711-WalterSmith-NYCSchoolsTests.xctest */;
			productType = "com.apple.product-type.bundle.unit-test";
		};
		5F0345AC2A5E3EAD0013C223 /* 20230711-WalterSmith-NYCSchoolsUITests */ = {
			isa = PBXNativeTarget;
			buildConfigurationList = 5F0345BD2A5E3EAD0013C223 /* Build configuration list for PBXNativeTarget "20230711-WalterSmith-NYCSchoolsUITests" */;
			buildPhases = (
				5F0345A92A5E3EAD0013C223 /* Sources */,
				5F0345AA2A5E3EAD0013C223 /* Frameworks */,
				5F0345AB2A5E3EAD0013C223 /* Resources */,
			);
			buildRules = (
			);
			dependencies = (
				5F0345AF2A5E3EAD0013C223 /* PBXTargetDependency */,
			);
			name = "20230711-WalterSmith-NYCSchoolsUITests";
			productName = "20230711-WalterSmith-NYCSchoolsUITests";
			productReference = 5F0345AD2A5E3EAD0013C223 /* 20230711-WalterSmith-NYCSchoolsUITests.xctest */;
			productType = "com.apple.product-type.bundle.ui-testing";
		};
/* End PBXNativeTarget section */

/* Begin PBXProject section */
		5F03458B2A5E3EAB0013C223 /* Project object */ = {
			isa = PBXProject;
			attributes = {
				BuildIndependentTargetsInParallel = 1;
				LastSwiftUpdateCheck = 1430;
				LastUpgradeCheck = 1430;
				TargetAttributes = {
					5F0345922A5E3EAC0013C223 = {
						CreatedOnToolsVersion = 14.3.1;
					};
					5F0345A22A5E3EAD0013C223 = {
						CreatedOnToolsVersion = 14.3.1;
						TestTargetID = 5F0345922A5E3EAC0013C223;
					};
					5F0345AC2A5E3EAD0013C223 = {
						CreatedOnToolsVersion = 14.3.1;
						TestTargetID = 5F0345922A5E3EAC0013C223;
					};
				};
			};
			buildConfigurationList = 5F03458E2A5E3EAB0013C223 /* Build configuration list for PBXProject "20230711-WalterSmith-NYCSchools" */;
			compatibilityVersion = "Xcode 14.0";
			developmentRegion = en;
			hasScannedForEncodings = 0;
			knownRegions = (
				en,
				Base,
			);
			mainGroup = 5F03458A2A5E3EAB0013C223;
			productRefGroup = 5F0345942A5E3EAC0013C223 /* Products */;
			projectDirPath = "";
			projectRoot = "";
			targets = (
				5F0345922A5E3EAC0013C223 /* 20230711-WalterSmith-NYCSchools */,
				5F0345A22A5E3EAD0013C223 /* 20230711-WalterSmith-NYCSchoolsTests */,
				5F0345AC2A5E3EAD0013C223 /* 20230711-WalterSmith-NYCSchoolsUITests */,
			);
		};
/* End PBXProject section */

/* Begin PBXResourcesBuildPhase section */
		5F0345912A5E3EAC0013C223 /* Resources */ = {
			isa = PBXResourcesBuildPhase;
			buildActionMask = 2147483647;
			files = (
				5F03459E2A5E3EAC0013C223 /* Preview Assets.xcassets in Resources */,
				5F03459B2A5E3EAC0013C223 /* Assets.xcassets in Resources */,
			);
			runOnlyForDeploymentPostprocessing = 0;
		};
		5F0345A12A5E3EAD0013C223 /* Resources */ = {
			isa = PBXResourcesBuildPhase;
			buildActionMask = 2147483647;
			files = (
			);
			runOnlyForDeploymentPostprocessing = 0;
		};
		5F0345AB2A5E3EAD0013C223 /* Resources */ = {
			isa = PBXResourcesBuildPhase;
			buildActionMask = 2147483647;
			files = (
			);
			runOnlyForDeploymentPostprocessing = 0;
		};
/* End PBXResourcesBuildPhase section */

/* Begin PBXSourcesBuildPhase section */
		5F03458F2A5E3EAC0013C223 /* Sources */ = {
			isa = PBXSourcesBuildPhase;
			buildActionMask = 2147483647;
			files = (
				5F0345992A5E3EAC0013C223 /* NYCSchoolsContentView.swift in Sources */,
				5F0345972A5E3EAC0013C223 /* _0230711_WalterSmith_NYCSchoolsApp.swift in Sources */,
				5F0345C12A5E552D0013C223 /* NYCSchoolsContentViewDelegate.swift in Sources */,
				5F0345C72A5E69CE0013C223 /* NYCSchoolsSchoolDetailService.swift in Sources */,
				5F0345C92A5E6B6E0013C223 /* SchoolDetails.swift in Sources */,
				5F0345C32A5E566D0013C223 /* School.swift in Sources */,
				5F0345C52A5E5E240013C223 /* NYCSchoolsService.swift in Sources */,
			);
			runOnlyForDeploymentPostprocessing = 0;
		};
		5F03459F2A5E3EAD0013C223 /* Sources */ = {
			isa = PBXSourcesBuildPhase;
			buildActionMask = 2147483647;
			files = (
				5F0345A82A5E3EAD0013C223 /* _0230711_WalterSmith_NYCSchoolsTests.swift in Sources */,
			);
			runOnlyForDeploymentPostprocessing = 0;
		};
		5F0345A92A5E3EAD0013C223 /* Sources */ = {
			isa = PBXSourcesBuildPhase;
			buildActionMask = 2147483647;
			files = (
				5F0345B22A5E3EAD0013C223 /* _0230711_WalterSmith_NYCSchoolsUITests.swift in Sources */,
				5F0345B42A5E3EAD0013C223 /* _0230711_WalterSmith_NYCSchoolsUITestsLaunchTests.swift in Sources */,
			);
			runOnlyForDeploymentPostprocessing = 0;
		};
/* End PBXSourcesBuildPhase section */

/* Begin PBXTargetDependency section */
		5F0345A52A5E3EAD0013C223 /* PBXTargetDependency */ = {
			isa = PBXTargetDependency;
			target = 5F0345922A5E3EAC0013C223 /* 20230711-WalterSmith-NYCSchools */;
			targetProxy = 5F0345A42A5E3EAD0013C223 /* PBXContainerItemProxy */;
		};
		5F0345AF2A5E3EAD0013C223 /* PBXTargetDependency */ = {
			isa = PBXTargetDependency;
			target = 5F0345922A5E3EAC0013C223 /* 20230711-WalterSmith-NYCSchools */;
			targetProxy = 5F0345AE2A5E3EAD0013C223 /* PBXContainerItemProxy */;
		};
/* End PBXTargetDependency section */

/* Begin XCBuildConfiguration section */
		5F0345B52A5E3EAD0013C223 /* Debug */ = {
			isa = XCBuildConfiguration;
			buildSettings = {
				ALWAYS_SEARCH_USER_PATHS = NO;
				CLANG_ANALYZER_NONNULL = YES;
				CLANG_ANALYZER_NUMBER_OBJECT_CONVERSION = YES_AGGRESSIVE;
				CLANG_CXX_LANGUAGE_STANDARD = "gnu++20";
				CLANG_ENABLE_MODULES = YES;
				CLANG_ENABLE_OBJC_ARC = YES;
				CLANG_ENABLE_OBJC_WEAK = YES;
				CLANG_WARN_BLOCK_CAPTURE_AUTORELEASING = YES;
				CLANG_WARN_BOOL_CONVERSION = YES;
				CLANG_WARN_COMMA = YES;
				CLANG_WARN_CONSTANT_CONVERSION = YES;
				CLANG_WARN_DEPRECATED_OBJC_IMPLEMENTATIONS = YES;
				CLANG_WARN_DIRECT_OBJC_ISA_USAGE = YES_ERROR;
				CLANG_WARN_DOCUMENTATION_COMMENTS = YES;
				CLANG_WARN_EMPTY_BODY = YES;
				CLANG_WARN_ENUM_CONVERSION = YES;
				CLANG_WARN_INFINITE_RECURSION = YES;
				CLANG_WARN_INT_CONVERSION = YES;
				CLANG_WARN_NON_LITERAL_NULL_CONVERSION = YES;
				CLANG_WARN_OBJC_IMPLICIT_RETAIN_SELF = YES;
				CLANG_WARN_OBJC_LITERAL_CONVERSION = YES;
				CLANG_WARN_OBJC_ROOT_CLASS = YES_ERROR;
				CLANG_WARN_QUOTED_INCLUDE_IN_FRAMEWORK_HEADER = YES;
				CLANG_WARN_RANGE_LOOP_ANALYSIS = YES;
				CLANG_WARN_STRICT_PROTOTYPES = YES;
				CLANG_WARN_SUSPICIOUS_MOVE = YES;
				CLANG_WARN_UNGUARDED_AVAILABILITY = YES_AGGRESSIVE;
				CLANG_WARN_UNREACHABLE_CODE = YES;
				CLANG_WARN__DUPLICATE_METHOD_MATCH = YES;
				COPY_PHASE_STRIP = NO;
				DEBUG_INFORMATION_FORMAT = dwarf;
				ENABLE_STRICT_OBJC_MSGSEND = YES;
				ENABLE_TESTABILITY = YES;
				GCC_C_LANGUAGE_STANDARD = gnu11;
				GCC_DYNAMIC_NO_PIC = NO;
				GCC_NO_COMMON_BLOCKS = YES;
				GCC_OPTIMIZATION_LEVEL = 0;
				GCC_PREPROCESSOR_DEFINITIONS = (
					"DEBUG=1",
					"$(inherited)",
				);
				GCC_WARN_64_TO_32_BIT_CONVERSION = YES;
				GCC_WARN_ABOUT_RETURN_TYPE = YES_ERROR;
				GCC_WARN_UNDECLARED_SELECTOR = YES;
				GCC_WARN_UNINITIALIZED_AUTOS = YES_AGGRESSIVE;
				GCC_WARN_UNUSED_FUNCTION = YES;
				GCC_WARN_UNUSED_VARIABLE = YES;
				IPHONEOS_DEPLOYMENT_TARGET = 16.4;
				MTL_ENABLE_DEBUG_INFO = INCLUDE_SOURCE;
				MTL_FAST_MATH = YES;
				ONLY_ACTIVE_ARCH = YES;
				SDKROOT = iphoneos;
				SWIFT_ACTIVE_COMPILATION_CONDITIONS = DEBUG;
				SWIFT_OPTIMIZATION_LEVEL = "-Onone";
			};
			name = Debug;
		};
		5F0345B62A5E3EAD0013C223 /* Release */ = {
			isa = XCBuildConfiguration;
			buildSettings = {
				ALWAYS_SEARCH_USER_PATHS = NO;
				CLANG_ANALYZER_NONNULL = YES;
				CLANG_ANALYZER_NUMBER_OBJECT_CONVERSION = YES_AGGRESSIVE;
				CLANG_CXX_LANGUAGE_STANDARD = "gnu++20";
				CLANG_ENABLE_MODULES = YES;
				CLANG_ENABLE_OBJC_ARC = YES;
				CLANG_ENABLE_OBJC_WEAK = YES;
				CLANG_WARN_BLOCK_CAPTURE_AUTORELEASING = YES;
				CLANG_WARN_BOOL_CONVERSION = YES;
				CLANG_WARN_COMMA = YES;
				CLANG_WARN_CONSTANT_CONVERSION = YES;
				CLANG_WARN_DEPRECATED_OBJC_IMPLEMENTATIONS = YES;
				CLANG_WARN_DIRECT_OBJC_ISA_USAGE = YES_ERROR;
				CLANG_WARN_DOCUMENTATION_COMMENTS = YES;
				CLANG_WARN_EMPTY_BODY = YES;
				CLANG_WARN_ENUM_CONVERSION = YES;
				CLANG_WARN_INFINITE_RECURSION = YES;
				CLANG_WARN_INT_CONVERSION = YES;
				CLANG_WARN_NON_LITERAL_NULL_CONVERSION = YES;
				CLANG_WARN_OBJC_IMPLICIT_RETAIN_SELF = YES;
				CLANG_WARN_OBJC_LITERAL_CONVERSION = YES;
				CLANG_WARN_OBJC_ROOT_CLASS = YES_ERROR;
				CLANG_WARN_QUOTED_INCLUDE_IN_FRAMEWORK_HEADER = YES;
				CLANG_WARN_RANGE_LOOP_ANALYSIS = YES;
				CLANG_WARN_STRICT_PROTOTYPES = YES;
				CLANG_WARN_SUSPICIOUS_MOVE = YES;
				CLANG_WARN_UNGUARDED_AVAILABILITY = YES_AGGRESSIVE;
				CLANG_WARN_UNREACHABLE_CODE = YES;
				CLANG_WARN__DUPLICATE_METHOD_MATCH = YES;
				COPY_PHASE_STRIP = NO;
				DEBUG_INFORMATION_FORMAT = "dwarf-with-dsym";
				ENABLE_NS_ASSERTIONS = NO;
				ENABLE_STRICT_OBJC_MSGSEND = YES;
				GCC_C_LANGUAGE_STANDARD = gnu11;
				GCC_NO_COMMON_BLOCKS = YES;
				GCC_WARN_64_TO_32_BIT_CONVERSION = YES;
				GCC_WARN_ABOUT_RETURN_TYPE = YES_ERROR;
				GCC_WARN_UNDECLARED_SELECTOR = YES;
				GCC_WARN_UNINITIALIZED_AUTOS = YES_AGGRESSIVE;
				GCC_WARN_UNUSED_FUNCTION = YES;
				GCC_WARN_UNUSED_VARIABLE = YES;
				IPHONEOS_DEPLOYMENT_TARGET = 16.4;
				MTL_ENABLE_DEBUG_INFO = NO;
				MTL_FAST_MATH = YES;
				SDKROOT = iphoneos;
				SWIFT_COMPILATION_MODE = wholemodule;
				SWIFT_OPTIMIZATION_LEVEL = "-O";
				VALIDATE_PRODUCT = YES;
			};
			name = Release;
		};
		5F0345B82A5E3EAD0013C223 /* Debug */ = {
			isa = XCBuildConfiguration;
			buildSettings = {
				ASSETCATALOG_COMPILER_APPICON_NAME = AppIcon;
				ASSETCATALOG_COMPILER_GLOBAL_ACCENT_COLOR_NAME = AccentColor;
				CODE_SIGN_STYLE = Automatic;
				CURRENT_PROJECT_VERSION = 1;
				DEVELOPMENT_ASSET_PATHS = "\"20230711-WalterSmith-NYCSchools/Preview Content\"";
				ENABLE_PREVIEWS = YES;
				GENERATE_INFOPLIST_FILE = YES;
				INFOPLIST_KEY_UIApplicationSceneManifest_Generation = YES;
				INFOPLIST_KEY_UIApplicationSupportsIndirectInputEvents = YES;
				INFOPLIST_KEY_UILaunchScreen_Generation = YES;
				INFOPLIST_KEY_UISupportedInterfaceOrientations_iPad = "UIInterfaceOrientationPortrait UIInterfaceOrientationPortraitUpsideDown UIInterfaceOrientationLandscapeLeft UIInterfaceOrientationLandscapeRight";
				INFOPLIST_KEY_UISupportedInterfaceOrientations_iPhone = "UIInterfaceOrientationPortrait UIInterfaceOrientationLandscapeLeft UIInterfaceOrientationLandscapeRight";
				LD_RUNPATH_SEARCH_PATHS = (
					"$(inherited)",
					"@executable_path/Frameworks",
				);
				MARKETING_VERSION = 1.0;
				PRODUCT_BUNDLE_IDENTIFIER = "com.WalterSmith.-0230711-WalterSmith-NYCSchools";
				PRODUCT_NAME = "$(TARGET_NAME)";
				SWIFT_EMIT_LOC_STRINGS = YES;
				SWIFT_VERSION = 5.0;
				TARGETED_DEVICE_FAMILY = "1,2";
			};
			name = Debug;
		};
		5F0345B92A5E3EAD0013C223 /* Release */ = {
			isa = XCBuildConfiguration;
			buildSettings = {
				ASSETCATALOG_COMPILER_APPICON_NAME = AppIcon;
				ASSETCATALOG_COMPILER_GLOBAL_ACCENT_COLOR_NAME = AccentColor;
				CODE_SIGN_STYLE = Automatic;
				CURRENT_PROJECT_VERSION = 1;
				DEVELOPMENT_ASSET_PATHS = "\"20230711-WalterSmith-NYCSchools/Preview Content\"";
				ENABLE_PREVIEWS = YES;
				GENERATE_INFOPLIST_FILE = YES;
				INFOPLIST_KEY_UIApplicationSceneManifest_Generation = YES;
				INFOPLIST_KEY_UIApplicationSupportsIndirectInputEvents = YES;
				INFOPLIST_KEY_UILaunchScreen_Generation = YES;
				INFOPLIST_KEY_UISupportedInterfaceOrientations_iPad = "UIInterfaceOrientationPortrait UIInterfaceOrientationPortraitUpsideDown UIInterfaceOrientationLandscapeLeft UIInterfaceOrientationLandscapeRight";
				INFOPLIST_KEY_UISupportedInterfaceOrientations_iPhone = "UIInterfaceOrientationPortrait UIInterfaceOrientationLandscapeLeft UIInterfaceOrientationLandscapeRight";
				LD_RUNPATH_SEARCH_PATHS = (
					"$(inherited)",
					"@executable_path/Frameworks",
				);
				MARKETING_VERSION = 1.0;
				PRODUCT_BUNDLE_IDENTIFIER = "com.WalterSmith.-0230711-WalterSmith-NYCSchools";
				PRODUCT_NAME = "$(TARGET_NAME)";
				SWIFT_EMIT_LOC_STRINGS = YES;
				SWIFT_VERSION = 5.0;
				TARGETED_DEVICE_FAMILY = "1,2";
			};
			name = Release;
		};
		5F0345BB2A5E3EAD0013C223 /* Debug */ = {
			isa = XCBuildConfiguration;
			buildSettings = {
				ALWAYS_EMBED_SWIFT_STANDARD_LIBRARIES = YES;
				BUNDLE_LOADER = "$(TEST_HOST)";
				CODE_SIGN_STYLE = Automatic;
				CURRENT_PROJECT_VERSION = 1;
				GENERATE_INFOPLIST_FILE = YES;
				IPHONEOS_DEPLOYMENT_TARGET = 16.4;
				MARKETING_VERSION = 1.0;
				PRODUCT_BUNDLE_IDENTIFIER = "com.WalterSmith.-0230711-WalterSmith-NYCSchoolsTests";
				PRODUCT_NAME = "$(TARGET_NAME)";
				SWIFT_EMIT_LOC_STRINGS = NO;
				SWIFT_VERSION = 5.0;
				TARGETED_DEVICE_FAMILY = "1,2";
				TEST_HOST = "$(BUILT_PRODUCTS_DIR)/20230711-WalterSmith-NYCSchools.app/$(BUNDLE_EXECUTABLE_FOLDER_PATH)/20230711-WalterSmith-NYCSchools";
			};
			name = Debug;
		};
		5F0345BC2A5E3EAD0013C223 /* Release */ = {
			isa = XCBuildConfiguration;
			buildSettings = {
				ALWAYS_EMBED_SWIFT_STANDARD_LIBRARIES = YES;
				BUNDLE_LOADER = "$(TEST_HOST)";
				CODE_SIGN_STYLE = Automatic;
				CURRENT_PROJECT_VERSION = 1;
				GENERATE_INFOPLIST_FILE = YES;
				IPHONEOS_DEPLOYMENT_TARGET = 16.4;
				MARKETING_VERSION = 1.0;
				PRODUCT_BUNDLE_IDENTIFIER = "com.WalterSmith.-0230711-WalterSmith-NYCSchoolsTests";
				PRODUCT_NAME = "$(TARGET_NAME)";
				SWIFT_EMIT_LOC_STRINGS = NO;
				SWIFT_VERSION = 5.0;
				TARGETED_DEVICE_FAMILY = "1,2";
				TEST_HOST = "$(BUILT_PRODUCTS_DIR)/20230711-WalterSmith-NYCSchools.app/$(BUNDLE_EXECUTABLE_FOLDER_PATH)/20230711-WalterSmith-NYCSchools";
			};
			name = Release;
		};
		5F0345BE2A5E3EAD0013C223 /* Debug */ = {
			isa = XCBuildConfiguration;
			buildSettings = {
				ALWAYS_EMBED_SWIFT_STANDARD_LIBRARIES = YES;
				CODE_SIGN_STYLE = Automatic;
				CURRENT_PROJECT_VERSION = 1;
				GENERATE_INFOPLIST_FILE = YES;
				MARKETING_VERSION = 1.0;
				PRODUCT_BUNDLE_IDENTIFIER = "com.WalterSmith.-0230711-WalterSmith-NYCSchoolsUITests";
				PRODUCT_NAME = "$(TARGET_NAME)";
				SWIFT_EMIT_LOC_STRINGS = NO;
				SWIFT_VERSION = 5.0;
				TARGETED_DEVICE_FAMILY = "1,2";
				TEST_TARGET_NAME = "20230711-WalterSmith-NYCSchools";
			};
			name = Debug;
		};
		5F0345BF2A5E3EAD0013C223 /* Release */ = {
			isa = XCBuildConfiguration;
			buildSettings = {
				ALWAYS_EMBED_SWIFT_STANDARD_LIBRARIES = YES;
				CODE_SIGN_STYLE = Automatic;
				CURRENT_PROJECT_VERSION = 1;
				GENERATE_INFOPLIST_FILE = YES;
				MARKETING_VERSION = 1.0;
				PRODUCT_BUNDLE_IDENTIFIER = "com.WalterSmith.-0230711-WalterSmith-NYCSchoolsUITests";
				PRODUCT_NAME = "$(TARGET_NAME)";
				SWIFT_EMIT_LOC_STRINGS = NO;
				SWIFT_VERSION = 5.0;
				TARGETED_DEVICE_FAMILY = "1,2";
				TEST_TARGET_NAME = "20230711-WalterSmith-NYCSchools";
			};
			name = Release;
		};
/* End XCBuildConfiguration section */

/* Begin XCConfigurationList section */
		5F03458E2A5E3EAB0013C223 /* Build configuration list for PBXProject "20230711-WalterSmith-NYCSchools" */ = {
			isa = XCConfigurationList;
			buildConfigurations = (
				5F0345B52A5E3EAD0013C223 /* Debug */,
				5F0345B62A5E3EAD0013C223 /* Release */,
			);
			defaultConfigurationIsVisible = 0;
			defaultConfigurationName = Release;
		};
		5F0345B72A5E3EAD0013C223 /* Build configuration list for PBXNativeTarget "20230711-WalterSmith-NYCSchools" */ = {
			isa = XCConfigurationList;
			buildConfigurations = (
				5F0345B82A5E3EAD0013C223 /* Debug */,
				5F0345B92A5E3EAD0013C223 /* Release */,
			);
			defaultConfigurationIsVisible = 0;
			defaultConfigurationName = Release;
		};
		5F0345BA2A5E3EAD0013C223 /* Build configuration list for PBXNativeTarget "20230711-WalterSmith-NYCSchoolsTests" */ = {
			isa = XCConfigurationList;
			buildConfigurations = (
				5F0345BB2A5E3EAD0013C223 /* Debug */,
				5F0345BC2A5E3EAD0013C223 /* Release */,
			);
			defaultConfigurationIsVisible = 0;
			defaultConfigurationName = Release;
		};
		5F0345BD2A5E3EAD0013C223 /* Build configuration list for PBXNativeTarget "20230711-WalterSmith-NYCSchoolsUITests" */ = {
			isa = XCConfigurationList;
			buildConfigurations = (
				5F0345BE2A5E3EAD0013C223 /* Debug */,
				5F0345BF2A5E3EAD0013C223 /* Release */,
			);
			defaultConfigurationIsVisible = 0;
			defaultConfigurationName = Release;
		};
/* End XCConfigurationList section */
	};
	rootObject = 5F03458B2A5E3EAB0013C223 /* Project object */;
}
